
Microsoft Visual Studio Solution File, Format Version 12.00
# Visual Studio 15
VisualStudioVersion = 15.0.26730.16
MinimumVisualStudioVersion = 10.0.40219.1
Project("{9A19103F-16F7-4668-BE54-9A1E7A4F7556}") = "DotNet.Basics", "DotNet.Basics\DotNet.Basics.csproj", "{79E3A43F-0D6E-4D50-89FC-506BE2E91323}"
EndProject
Project("{9A19103F-16F7-4668-BE54-9A1E7A4F7556}") = "DotNet.Basics.Tests", "DotNet.Basics.Tests\DotNet.Basics.Tests.csproj", "{780CDF96-0F69-4715-BA5E-AA1B401C743F}"
EndProject
Project("{2150E333-8FDC-42A3-9474-1A3956D46DE8}") = "Domain", "Domain", "{4F8D1747-682B-4A10-A618-26DB3A7B2B2C}"
EndProject
Project("{2150E333-8FDC-42A3-9474-1A3956D46DE8}") = "Tests", "Tests", "{8D2438BF-0158-46EE-9734-92B712CF5479}"
EndProject
Project("{FAE04EC0-301F-11D3-BF4B-00C04F79EFBC}") = "DotNet.Basics.Tests.EchoOut", "DotNet.BasicsTests.EchoOut\DotNet.Basics.Tests.EchoOut.csproj", "{9D9807DD-B34A-421F-962D-4E3A470526D5}"
EndProject
Project("{9A19103F-16F7-4668-BE54-9A1E7A4F7556}") = "DotNet.Basics.Rest", "DotNet.Basics.Rest\DotNet.Basics.Rest.csproj", "{EF7B2223-024E-4D46-AE77-622E43045445}"
EndProject
Project("{FAE04EC0-301F-11D3-BF4B-00C04F79EFBC}") = "DotNet.Basics.Extensions.Autofac", "DotNet.Basics.Extensions.Autofac\DotNet.Basics.Extensions.Autofac.csproj", "{A85BC86B-3940-42A1-9EC9-85618DBDEB01}"
EndProject
Project("{FAE04EC0-301F-11D3-BF4B-00C04F79EFBC}") = "DotNet.Basics.Extensions.NLog", "DotNet.Basics.Extensions.NLog\DotNet.Basics.Extensions.NLog.csproj", "{B95CF2DD-C259-4987-BE86-F6C999DA06F7}"
EndProject
Project("{FAE04EC0-301F-11D3-BF4B-00C04F79EFBC}") = "DotNet.Basics.Extensions.SevenZip", "DotNet.Basics.Extensions.SevenZip\DotNet.Basics.Extensions.SevenZip.csproj", "{E1E203BA-63C1-4C8D-92B2-A651EB411CA1}"
EndProject
Global
	GlobalSection(SolutionConfigurationPlatforms) = preSolution
		Debug|Any CPU = Debug|Any CPU
		Release|Any CPU = Release|Any CPU
	EndGlobalSection
	GlobalSection(ProjectConfigurationPlatforms) = postSolution
		{79E3A43F-0D6E-4D50-89FC-506BE2E91323}.Debug|Any CPU.ActiveCfg = Debug|Any CPU
		{79E3A43F-0D6E-4D50-89FC-506BE2E91323}.Debug|Any CPU.Build.0 = Debug|Any CPU
		{79E3A43F-0D6E-4D50-89FC-506BE2E91323}.Release|Any CPU.ActiveCfg = Release|Any CPU
		{79E3A43F-0D6E-4D50-89FC-506BE2E91323}.Release|Any CPU.Build.0 = Release|Any CPU
		{780CDF96-0F69-4715-BA5E-AA1B401C743F}.Debug|Any CPU.ActiveCfg = Debug|Any CPU
		{780CDF96-0F69-4715-BA5E-AA1B401C743F}.Debug|Any CPU.Build.0 = Debug|Any CPU
		{780CDF96-0F69-4715-BA5E-AA1B401C743F}.Release|Any CPU.ActiveCfg = Release|Any CPU
		{780CDF96-0F69-4715-BA5E-AA1B401C743F}.Release|Any CPU.Build.0 = Release|Any CPU
		{9D9807DD-B34A-421F-962D-4E3A470526D5}.Debug|Any CPU.ActiveCfg = Debug|Any CPU
		{9D9807DD-B34A-421F-962D-4E3A470526D5}.Debug|Any CPU.Build.0 = Debug|Any CPU
		{9D9807DD-B34A-421F-962D-4E3A470526D5}.Release|Any CPU.ActiveCfg = Release|Any CPU
		{9D9807DD-B34A-421F-962D-4E3A470526D5}.Release|Any CPU.Build.0 = Release|Any CPU
		{EF7B2223-024E-4D46-AE77-622E43045445}.Debug|Any CPU.ActiveCfg = Debug|Any CPU
		{EF7B2223-024E-4D46-AE77-622E43045445}.Debug|Any CPU.Build.0 = Debug|Any CPU
		{EF7B2223-024E-4D46-AE77-622E43045445}.Release|Any CPU.ActiveCfg = Release|Any CPU
		{EF7B2223-024E-4D46-AE77-622E43045445}.Release|Any CPU.Build.0 = Release|Any CPU
		{A85BC86B-3940-42A1-9EC9-85618DBDEB01}.Debug|Any CPU.ActiveCfg = Debug|Any CPU
		{A85BC86B-3940-42A1-9EC9-85618DBDEB01}.Debug|Any CPU.Build.0 = Debug|Any CPU
		{A85BC86B-3940-42A1-9EC9-85618DBDEB01}.Release|Any CPU.ActiveCfg = Release|Any CPU
		{A85BC86B-3940-42A1-9EC9-85618DBDEB01}.Release|Any CPU.Build.0 = Release|Any CPU
		{B95CF2DD-C259-4987-BE86-F6C999DA06F7}.Debug|Any CPU.ActiveCfg = Debug|Any CPU
		{B95CF2DD-C259-4987-BE86-F6C999DA06F7}.Debug|Any CPU.Build.0 = Debug|Any CPU
		{B95CF2DD-C259-4987-BE86-F6C999DA06F7}.Release|Any CPU.ActiveCfg = Release|Any CPU
		{B95CF2DD-C259-4987-BE86-F6C999DA06F7}.Release|Any CPU.Build.0 = Release|Any CPU
		{E1E203BA-63C1-4C8D-92B2-A651EB411CA1}.Debug|Any CPU.ActiveCfg = Debug|Any CPU
		{E1E203BA-63C1-4C8D-92B2-A651EB411CA1}.Debug|Any CPU.Build.0 = Debug|Any CPU
		{E1E203BA-63C1-4C8D-92B2-A651EB411CA1}.Release|Any CPU.ActiveCfg = Release|Any CPU
		{E1E203BA-63C1-4C8D-92B2-A651EB411CA1}.Release|Any CPU.Build.0 = Release|Any CPU
	EndGlobalSection
	GlobalSection(SolutionProperties) = preSolution
		HideSolutionNode = FALSE
	EndGlobalSection
	GlobalSection(NestedProjects) = preSolution
		{79E3A43F-0D6E-4D50-89FC-506BE2E91323} = {4F8D1747-682B-4A10-A618-26DB3A7B2B2C}
		{780CDF96-0F69-4715-BA5E-AA1B401C743F} = {8D2438BF-0158-46EE-9734-92B712CF5479}
		{9D9807DD-B34A-421F-962D-4E3A470526D5} = {8D2438BF-0158-46EE-9734-92B712CF5479}
		{EF7B2223-024E-4D46-AE77-622E43045445} = {4F8D1747-682B-4A10-A618-26DB3A7B2B2C}
		{A85BC86B-3940-42A1-9EC9-85618DBDEB01} = {4F8D1747-682B-4A10-A618-26DB3A7B2B2C}
		{B95CF2DD-C259-4987-BE86-F6C999DA06F7} = {4F8D1747-682B-4A10-A618-26DB3A7B2B2C}
		{E1E203BA-63C1-4C8D-92B2-A651EB411CA1} = {4F8D1747-682B-4A10-A618-26DB3A7B2B2C}
	EndGlobalSection
	GlobalSection(ExtensibilityGlobals) = postSolution
		SolutionGuid = {8CBE2111-AC24-4AFA-9537-5FD16E0BF1E5}
	EndGlobalSection
EndGlobal
