
Microsoft Visual Studio Solution File, Format Version 12.00
# Visual Studio 15
VisualStudioVersion = 15.0.27130.2024
MinimumVisualStudioVersion = 10.0.40219.1
Project("{2150E333-8FDC-42A3-9474-1A3956D46DE8}") = "Libs", "Libs", "{4F8D1747-682B-4A10-A618-26DB3A7B2B2C}"
EndProject
Project("{2150E333-8FDC-42A3-9474-1A3956D46DE8}") = "Testing", "Testing", "{8D2438BF-0158-46EE-9734-92B712CF5479}"
EndProject
Project("{2150E333-8FDC-42A3-9474-1A3956D46DE8}") = "Lib.Release.Params", "Lib.Release.Params", "{B7D9CFD1-BE55-43AF-9A4C-CF13618A12B7}"
	ProjectSection(SolutionItems) = preProject
		lib.release.json = lib.release.json
		README.md = README.md
	EndProjectSection
EndProject
Project("{9A19103F-16F7-4668-BE54-9A1E7A4F7556}") = "DotNet.Basics", "DotNet.Basics\DotNet.Basics.csproj", "{965F1F68-357B-464A-89EE-662686CC761C}"
EndProject
Project("{9A19103F-16F7-4668-BE54-9A1E7A4F7556}") = "DotNet.Basics.Tests.NetCore.EchoOut", "DotNet.Basics.Tests.NetCore.EchoOut\DotNet.Basics.Tests.NetCore.EchoOut.csproj", "{79C3DE4E-CF5D-44F3-8471-4E8CDE761D3B}"
EndProject
Project("{9A19103F-16F7-4668-BE54-9A1E7A4F7556}") = "DotNet.Basics.Tests", "DotNet.Basics.Tests\DotNet.Basics.Tests.csproj", "{6D1B9906-A6EB-47C9-9192-6B14288F9C48}"
EndProject
Project("{9A19103F-16F7-4668-BE54-9A1E7A4F7556}") = "DotNet.Basics.PowerShell", "DotNet.Basics.PowerShell\DotNet.Basics.PowerShell.csproj", "{83D28A67-C2AB-40F7-8C39-045DF6C1B4A5}"
EndProject
Project("{9A19103F-16F7-4668-BE54-9A1E7A4F7556}") = "DotNet.Basics.SevenZip", "DotNet.Basics.SevenZip\DotNet.Basics.SevenZip.csproj", "{072BB7D6-2BE8-47F5-9EAF-56370F13928A}"
EndProject
Project("{9A19103F-16F7-4668-BE54-9A1E7A4F7556}") = "DotNet.Basics.Autofac", "DotNet.Basics.Autofac\DotNet.Basics.Autofac.csproj", "{E3175C23-D07B-4B0D-AB85-A5E880F68B3C}"
EndProject
Project("{9A19103F-16F7-4668-BE54-9A1E7A4F7556}") = "DotNet.Basics.Net.Http", "DotNet.Basics.Net.Http\DotNet.Basics.Net.Http.csproj", "{4B6EEE6C-2115-4B7A-9799-3196F1B7FFD4}"
EndProject
Project("{9A19103F-16F7-4668-BE54-9A1E7A4F7556}") = "DotNet.Basics.Serilog", "DotNet.Basics.Serilog\DotNet.Basics.Serilog.csproj", "{8917B049-07D5-48CB-8AB6-BD03BFD78348}"
EndProject
Project("{9A19103F-16F7-4668-BE54-9A1E7A4F7556}") = "DotNet.Basics.Pipelines", "DotNet.Basics.Pipelines\DotNet.Basics.Pipelines.csproj", "{EF8BECEB-A97E-48FE-A31D-C2502BE742EB}"
EndProject
Project("{FAE04EC0-301F-11D3-BF4B-00C04F79EFBC}") = "DotNet.Basics.ExeTest", "DotNet.Basics.ExeTest\DotNet.Basics.ExeTest.csproj", "{F28345BB-8ABA-4B7D-869A-B776D4029719}"
EndProject
Global
	GlobalSection(SolutionConfigurationPlatforms) = preSolution
		Debug|Any CPU = Debug|Any CPU
		Release|Any CPU = Release|Any CPU
	EndGlobalSection
	GlobalSection(ProjectConfigurationPlatforms) = postSolution
		{965F1F68-357B-464A-89EE-662686CC761C}.Debug|Any CPU.ActiveCfg = Debug|Any CPU
		{965F1F68-357B-464A-89EE-662686CC761C}.Debug|Any CPU.Build.0 = Debug|Any CPU
		{965F1F68-357B-464A-89EE-662686CC761C}.Release|Any CPU.ActiveCfg = Release|Any CPU
		{965F1F68-357B-464A-89EE-662686CC761C}.Release|Any CPU.Build.0 = Release|Any CPU
		{79C3DE4E-CF5D-44F3-8471-4E8CDE761D3B}.Debug|Any CPU.ActiveCfg = Debug|Any CPU
		{79C3DE4E-CF5D-44F3-8471-4E8CDE761D3B}.Debug|Any CPU.Build.0 = Debug|Any CPU
		{79C3DE4E-CF5D-44F3-8471-4E8CDE761D3B}.Release|Any CPU.ActiveCfg = Release|Any CPU
		{79C3DE4E-CF5D-44F3-8471-4E8CDE761D3B}.Release|Any CPU.Build.0 = Release|Any CPU
		{6D1B9906-A6EB-47C9-9192-6B14288F9C48}.Debug|Any CPU.ActiveCfg = Debug|Any CPU
		{6D1B9906-A6EB-47C9-9192-6B14288F9C48}.Debug|Any CPU.Build.0 = Debug|Any CPU
		{6D1B9906-A6EB-47C9-9192-6B14288F9C48}.Release|Any CPU.ActiveCfg = Release|Any CPU
		{6D1B9906-A6EB-47C9-9192-6B14288F9C48}.Release|Any CPU.Build.0 = Release|Any CPU
		{83D28A67-C2AB-40F7-8C39-045DF6C1B4A5}.Debug|Any CPU.ActiveCfg = Debug|Any CPU
		{83D28A67-C2AB-40F7-8C39-045DF6C1B4A5}.Debug|Any CPU.Build.0 = Debug|Any CPU
		{83D28A67-C2AB-40F7-8C39-045DF6C1B4A5}.Release|Any CPU.ActiveCfg = Release|Any CPU
		{83D28A67-C2AB-40F7-8C39-045DF6C1B4A5}.Release|Any CPU.Build.0 = Release|Any CPU
		{072BB7D6-2BE8-47F5-9EAF-56370F13928A}.Debug|Any CPU.ActiveCfg = Debug|Any CPU
		{072BB7D6-2BE8-47F5-9EAF-56370F13928A}.Debug|Any CPU.Build.0 = Debug|Any CPU
		{072BB7D6-2BE8-47F5-9EAF-56370F13928A}.Release|Any CPU.ActiveCfg = Release|Any CPU
		{072BB7D6-2BE8-47F5-9EAF-56370F13928A}.Release|Any CPU.Build.0 = Release|Any CPU
		{E3175C23-D07B-4B0D-AB85-A5E880F68B3C}.Debug|Any CPU.ActiveCfg = Debug|Any CPU
		{E3175C23-D07B-4B0D-AB85-A5E880F68B3C}.Debug|Any CPU.Build.0 = Debug|Any CPU
		{E3175C23-D07B-4B0D-AB85-A5E880F68B3C}.Release|Any CPU.ActiveCfg = Release|Any CPU
		{E3175C23-D07B-4B0D-AB85-A5E880F68B3C}.Release|Any CPU.Build.0 = Release|Any CPU
		{4B6EEE6C-2115-4B7A-9799-3196F1B7FFD4}.Debug|Any CPU.ActiveCfg = Debug|Any CPU
		{4B6EEE6C-2115-4B7A-9799-3196F1B7FFD4}.Debug|Any CPU.Build.0 = Debug|Any CPU
		{4B6EEE6C-2115-4B7A-9799-3196F1B7FFD4}.Release|Any CPU.ActiveCfg = Release|Any CPU
		{4B6EEE6C-2115-4B7A-9799-3196F1B7FFD4}.Release|Any CPU.Build.0 = Release|Any CPU
		{8917B049-07D5-48CB-8AB6-BD03BFD78348}.Debug|Any CPU.ActiveCfg = Debug|Any CPU
		{8917B049-07D5-48CB-8AB6-BD03BFD78348}.Debug|Any CPU.Build.0 = Debug|Any CPU
		{8917B049-07D5-48CB-8AB6-BD03BFD78348}.Release|Any CPU.ActiveCfg = Release|Any CPU
		{8917B049-07D5-48CB-8AB6-BD03BFD78348}.Release|Any CPU.Build.0 = Release|Any CPU
		{EF8BECEB-A97E-48FE-A31D-C2502BE742EB}.Debug|Any CPU.ActiveCfg = Debug|Any CPU
		{EF8BECEB-A97E-48FE-A31D-C2502BE742EB}.Debug|Any CPU.Build.0 = Debug|Any CPU
		{EF8BECEB-A97E-48FE-A31D-C2502BE742EB}.Release|Any CPU.ActiveCfg = Release|Any CPU
		{EF8BECEB-A97E-48FE-A31D-C2502BE742EB}.Release|Any CPU.Build.0 = Release|Any CPU
		{F28345BB-8ABA-4B7D-869A-B776D4029719}.Debug|Any CPU.ActiveCfg = Debug|Any CPU
		{F28345BB-8ABA-4B7D-869A-B776D4029719}.Debug|Any CPU.Build.0 = Debug|Any CPU
		{F28345BB-8ABA-4B7D-869A-B776D4029719}.Release|Any CPU.ActiveCfg = Release|Any CPU
		{F28345BB-8ABA-4B7D-869A-B776D4029719}.Release|Any CPU.Build.0 = Release|Any CPU
	EndGlobalSection
	GlobalSection(SolutionProperties) = preSolution
		HideSolutionNode = FALSE
	EndGlobalSection
	GlobalSection(NestedProjects) = preSolution
		{965F1F68-357B-464A-89EE-662686CC761C} = {4F8D1747-682B-4A10-A618-26DB3A7B2B2C}
		{79C3DE4E-CF5D-44F3-8471-4E8CDE761D3B} = {8D2438BF-0158-46EE-9734-92B712CF5479}
		{6D1B9906-A6EB-47C9-9192-6B14288F9C48} = {8D2438BF-0158-46EE-9734-92B712CF5479}
		{83D28A67-C2AB-40F7-8C39-045DF6C1B4A5} = {4F8D1747-682B-4A10-A618-26DB3A7B2B2C}
		{072BB7D6-2BE8-47F5-9EAF-56370F13928A} = {4F8D1747-682B-4A10-A618-26DB3A7B2B2C}
		{E3175C23-D07B-4B0D-AB85-A5E880F68B3C} = {4F8D1747-682B-4A10-A618-26DB3A7B2B2C}
		{4B6EEE6C-2115-4B7A-9799-3196F1B7FFD4} = {4F8D1747-682B-4A10-A618-26DB3A7B2B2C}
		{8917B049-07D5-48CB-8AB6-BD03BFD78348} = {4F8D1747-682B-4A10-A618-26DB3A7B2B2C}
		{EF8BECEB-A97E-48FE-A31D-C2502BE742EB} = {4F8D1747-682B-4A10-A618-26DB3A7B2B2C}
		{F28345BB-8ABA-4B7D-869A-B776D4029719} = {8D2438BF-0158-46EE-9734-92B712CF5479}
	EndGlobalSection
	GlobalSection(ExtensibilityGlobals) = postSolution
		SolutionGuid = {8CBE2111-AC24-4AFA-9537-5FD16E0BF1E5}
	EndGlobalSection
EndGlobal
