
Microsoft Visual Studio Solution File, Format Version 12.00
# Visual Studio Version 17
VisualStudioVersion = 17.0.31423.177
MinimumVisualStudioVersion = 10.0.40219.1
Project("{2150E333-8FDC-42A3-9474-1A3956D46DE8}") = "Libs", "Libs", "{4F8D1747-682B-4A10-A618-26DB3A7B2B2C}"
EndProject
Project("{2150E333-8FDC-42A3-9474-1A3956D46DE8}") = "Testing", "Testing", "{8D2438BF-0158-46EE-9734-92B712CF5479}"
EndProject
Project("{2150E333-8FDC-42A3-9474-1A3956D46DE8}") = "Lib.Release.Params", "Lib.Release.Params", "{B7D9CFD1-BE55-43AF-9A4C-CF13618A12B7}"
	ProjectSection(SolutionItems) = preProject
		lib.release.json = lib.release.json
		README.md = README.md
	EndProjectSection
EndProject
Project("{9A19103F-16F7-4668-BE54-9A1E7A4F7556}") = "DotNet.Basics", "DotNet.Basics\DotNet.Basics.csproj", "{965F1F68-357B-464A-89EE-662686CC761C}"
EndProject
Project("{9A19103F-16F7-4668-BE54-9A1E7A4F7556}") = "DotNet.Basics.Tests", "DotNet.Basics.Tests\DotNet.Basics.Tests.csproj", "{6D1B9906-A6EB-47C9-9192-6B14288F9C48}"
EndProject
Project("{9A19103F-16F7-4668-BE54-9A1E7A4F7556}") = "DotNet.Basics.Pipelines", "DotNet.Basics.Pipelines\DotNet.Basics.Pipelines.csproj", "{EF8BECEB-A97E-48FE-A31D-C2502BE742EB}"
EndProject
Project("{9A19103F-16F7-4668-BE54-9A1E7A4F7556}") = "DotNet.Basics.Serilog", "DotNet.Basics.Serilog\DotNet.Basics.Serilog.csproj", "{CED52929-E6F9-4359-ADC0-355C62195969}"
EndProject
Global
	GlobalSection(SolutionConfigurationPlatforms) = preSolution
		Debug|Any CPU = Debug|Any CPU
		Release|Any CPU = Release|Any CPU
	EndGlobalSection
	GlobalSection(ProjectConfigurationPlatforms) = postSolution
		{965F1F68-357B-464A-89EE-662686CC761C}.Debug|Any CPU.ActiveCfg = Debug|Any CPU
		{965F1F68-357B-464A-89EE-662686CC761C}.Debug|Any CPU.Build.0 = Debug|Any CPU
		{965F1F68-357B-464A-89EE-662686CC761C}.Release|Any CPU.ActiveCfg = Release|Any CPU
		{965F1F68-357B-464A-89EE-662686CC761C}.Release|Any CPU.Build.0 = Release|Any CPU
		{6D1B9906-A6EB-47C9-9192-6B14288F9C48}.Debug|Any CPU.ActiveCfg = Debug|Any CPU
		{6D1B9906-A6EB-47C9-9192-6B14288F9C48}.Debug|Any CPU.Build.0 = Debug|Any CPU
		{6D1B9906-A6EB-47C9-9192-6B14288F9C48}.Release|Any CPU.ActiveCfg = Release|Any CPU
		{6D1B9906-A6EB-47C9-9192-6B14288F9C48}.Release|Any CPU.Build.0 = Release|Any CPU
		{EF8BECEB-A97E-48FE-A31D-C2502BE742EB}.Debug|Any CPU.ActiveCfg = Debug|Any CPU
		{EF8BECEB-A97E-48FE-A31D-C2502BE742EB}.Debug|Any CPU.Build.0 = Debug|Any CPU
		{EF8BECEB-A97E-48FE-A31D-C2502BE742EB}.Release|Any CPU.ActiveCfg = Release|Any CPU
		{EF8BECEB-A97E-48FE-A31D-C2502BE742EB}.Release|Any CPU.Build.0 = Release|Any CPU
		{CED52929-E6F9-4359-ADC0-355C62195969}.Debug|Any CPU.ActiveCfg = Debug|Any CPU
		{CED52929-E6F9-4359-ADC0-355C62195969}.Debug|Any CPU.Build.0 = Debug|Any CPU
		{CED52929-E6F9-4359-ADC0-355C62195969}.Release|Any CPU.ActiveCfg = Release|Any CPU
		{CED52929-E6F9-4359-ADC0-355C62195969}.Release|Any CPU.Build.0 = Release|Any CPU
	EndGlobalSection
	GlobalSection(SolutionProperties) = preSolution
		HideSolutionNode = FALSE
	EndGlobalSection
	GlobalSection(NestedProjects) = preSolution
		{965F1F68-357B-464A-89EE-662686CC761C} = {4F8D1747-682B-4A10-A618-26DB3A7B2B2C}
		{6D1B9906-A6EB-47C9-9192-6B14288F9C48} = {8D2438BF-0158-46EE-9734-92B712CF5479}
		{EF8BECEB-A97E-48FE-A31D-C2502BE742EB} = {4F8D1747-682B-4A10-A618-26DB3A7B2B2C}
		{CED52929-E6F9-4359-ADC0-355C62195969} = {4F8D1747-682B-4A10-A618-26DB3A7B2B2C}
	EndGlobalSection
	GlobalSection(ExtensibilityGlobals) = postSolution
		SolutionGuid = {8CBE2111-AC24-4AFA-9537-5FD16E0BF1E5}
	EndGlobalSection
EndGlobal
